
Microsoft Visual Studio Solution File, Format Version 12.00
# Visual Studio 15
VisualStudioVersion = 15.0.27130.2026
MinimumVisualStudioVersion = 10.0.40219.1
Project("{FAE04EC0-301F-11D3-BF4B-00C04F79EFBC}") = "VRMViewer", "VRMViewer\VRMViewer.csproj", "{BF77DEB8-20D0-46E6-BC16-B6594D03BD93}"
EndProject
Project("{FAE04EC0-301F-11D3-BF4B-00C04F79EFBC}") = "VRMLoader", "..\VRMLoader\VRMLoader\VRMLoader.csproj", "{8F2EA1FF-A316-4117-BBF7-DD274FBF1C9F}"
EndProject
Global
	GlobalSection(SolutionConfigurationPlatforms) = preSolution
		Debug|Any CPU = Debug|Any CPU
		Release|Any CPU = Release|Any CPU
	EndGlobalSection
	GlobalSection(ProjectConfigurationPlatforms) = postSolution
		{BF77DEB8-20D0-46E6-BC16-B6594D03BD93}.Debug|Any CPU.ActiveCfg = Debug|Any CPU
		{BF77DEB8-20D0-46E6-BC16-B6594D03BD93}.Debug|Any CPU.Build.0 = Debug|Any CPU
		{BF77DEB8-20D0-46E6-BC16-B6594D03BD93}.Release|Any CPU.ActiveCfg = Release|Any CPU
		{BF77DEB8-20D0-46E6-BC16-B6594D03BD93}.Release|Any CPU.Build.0 = Release|Any CPU
		{8F2EA1FF-A316-4117-BBF7-DD274FBF1C9F}.Debug|Any CPU.ActiveCfg = Debug|Any CPU
		{8F2EA1FF-A316-4117-BBF7-DD274FBF1C9F}.Debug|Any CPU.Build.0 = Debug|Any CPU
		{8F2EA1FF-A316-4117-BBF7-DD274FBF1C9F}.Release|Any CPU.ActiveCfg = Release|Any CPU
		{8F2EA1FF-A316-4117-BBF7-DD274FBF1C9F}.Release|Any CPU.Build.0 = Release|Any CPU
	EndGlobalSection
	GlobalSection(SolutionProperties) = preSolution
		HideSolutionNode = FALSE
	EndGlobalSection
	GlobalSection(ExtensibilityGlobals) = postSolution
		SolutionGuid = {A2A2A9C6-B5D3-4B9D-8677-152022B1408F}
	EndGlobalSection
EndGlobal
